PODS:
  - allinonesdk (0.0.1):
    - Flutter
  - Flutter (1.0.0)

DEPENDENCIES:
  - allinonesdk (from `.symlinks/plugins/allinonesdk/ios`)
  - Flutter (from `Flutter`)

EXTERNAL SOURCES:
  allinonesdk:
    :path: ".symlinks/plugins/allinonesdk/ios"
  Flutter:
    :path: Flutter

SPEC CHECKSUMS:
  allinonesdk: 8f523d0002a23f3e46929356c016b76e59d9914f
  Flutter: 0e3d915762c693b495b44d77113d4970485de6ec

PODFILE CHECKSUM: aafe91acc616949ddb318b77800a7f51bffa2a4c

COCOAPODS: 1.9.3
